// !$*UTF8*$!
{
	archiveVersion = 1;
	classes = {
	};
	objectVersion = 50;
	objects = {

/* Begin PBXBuildFile section */
		8AA4435B24CDEB7900348B99 /* MVVM_Architecture.h in Headers */ = {isa = PBXBuildFile; fileRef = 8AA4435924CDEB7900348B99 /* MVVM_Architecture.h */; settings = {ATTRIBUTES = (Public, ); }; };
		8AA4436724CDEC0A00348B99 /* BaseVC.swift in Sources */ = {isa = PBXBuildFile; fileRef = 8AA4436324CDEC0A00348B99 /* BaseVC.swift */; };
		8AA4436824CDEC0A00348B99 /* BaseViewModel.swift in Sources */ = {isa = PBXBuildFile; fileRef = 8AA4436424CDEC0A00348B99 /* BaseViewModel.swift */; };
		8AA4436924CDEC0A00348B99 /* BaseNavigableVC.swift in Sources */ = {isa = PBXBuildFile; fileRef = 8AA4436524CDEC0A00348B99 /* BaseNavigableVC.swift */; };
		8AA4436C24CDEC3B00348B99 /* Handler.swift in Sources */ = {isa = PBXBuildFile; fileRef = 8AA4436B24CDEC3B00348B99 /* Handler.swift */; };
		8AA4437024CDEC8300348B99 /* BaseViewData.swift in Sources */ = {isa = PBXBuildFile; fileRef = 8AA4436F24CDEC8300348B99 /* BaseViewData.swift */; };
/* End PBXBuildFile section */

/* Begin PBXFileReference section */
		8AA4435624CDEB7900348B99 /* MVVM_Architecture.framework */ = {isa = PBXFileReference; explicitFileType = wrapper.framework; includeInIndex = 0; path = MVVM_Architecture.framework; sourceTree = BUILT_PRODUCTS_DIR; };
		8AA4435924CDEB7900348B99 /* MVVM_Architecture.h */ = {isa = PBXFileReference; lastKnownFileType = sourcecode.c.h; path = MVVM_Architecture.h; sourceTree = "<group>"; };
		8AA4435A24CDEB7900348B99 /* Info.plist */ = {isa = PBXFileReference; lastKnownFileType = text.plist.xml; path = Info.plist; sourceTree = "<group>"; };
		8AA4436324CDEC0A00348B99 /* BaseVC.swift */ = {isa = PBXFileReference; fileEncoding = 4; lastKnownFileType = sourcecode.swift; path = BaseVC.swift; sourceTree = "<group>"; };
		8AA4436424CDEC0A00348B99 /* BaseViewModel.swift */ = {isa = PBXFileReference; fileEncoding = 4; lastKnownFileType = sourcecode.swift; path = BaseViewModel.swift; sourceTree = "<group>"; };
		8AA4436524CDEC0A00348B99 /* BaseNavigableVC.swift */ = {isa = PBXFileReference; fileEncoding = 4; lastKnownFileType = sourcecode.swift; path = BaseNavigableVC.swift; sourceTree = "<group>"; };
		8AA4436B24CDEC3B00348B99 /* Handler.swift */ = {isa = PBXFileReference; fileEncoding = 4; lastKnownFileType = sourcecode.swift; path = Handler.swift; sourceTree = "<group>"; };
		8AA4436F24CDEC8300348B99 /* BaseViewData.swift */ = {isa = PBXFileReference; fileEncoding = 4; lastKnownFileType = sourcecode.swift; path = BaseViewData.swift; sourceTree = "<group>"; };
/* End PBXFileReference section */

/* Begin PBXFrameworksBuildPhase section */
		8AA4435324CDEB7900348B99 /* Frameworks */ = {
			isa = PBXFrameworksBuildPhase;
			buildActionMask = 2147483647;
			files = (
			);
			runOnlyForDeploymentPostprocessing = 0;
		};
/* End PBXFrameworksBuildPhase section */

/* Begin PBXGroup section */
		8AA4434C24CDEB7900348B99 = {
			isa = PBXGroup;
			children = (
				8AA4435824CDEB7900348B99 /* MVVM-Architecture */,
				8AA4435724CDEB7900348B99 /* Products */,
			);
			sourceTree = "<group>";
		};
		8AA4435724CDEB7900348B99 /* Products */ = {
			isa = PBXGroup;
			children = (
				8AA4435624CDEB7900348B99 /* MVVM_Architecture.framework */,
			);
			name = Products;
			sourceTree = "<group>";
		};
		8AA4435824CDEB7900348B99 /* MVVM-Architecture */ = {
			isa = PBXGroup;
			children = (
				8AA4436A24CDEC1400348B99 /* Utils */,
				8AA4436124CDEBAF00348B99 /* ViewControllers */,
				8AA4435924CDEB7900348B99 /* MVVM_Architecture.h */,
				8AA4435A24CDEB7900348B99 /* Info.plist */,
			);
			path = "MVVM-Architecture";
			sourceTree = "<group>";
		};
		8AA4436124CDEBAF00348B99 /* ViewControllers */ = {
			isa = PBXGroup;
			children = (
				8AA4436F24CDEC8300348B99 /* BaseViewData.swift */,
				8AA4436524CDEC0A00348B99 /* BaseNavigableVC.swift */,
				8AA4436324CDEC0A00348B99 /* BaseVC.swift */,
				8AA4436424CDEC0A00348B99 /* BaseViewModel.swift */,
			);
			path = ViewControllers;
			sourceTree = "<group>";
		};
		8AA4436A24CDEC1400348B99 /* Utils */ = {
			isa = PBXGroup;
			children = (
				8AA4436B24CDEC3B00348B99 /* Handler.swift */,
			);
			path = Utils;
			sourceTree = "<group>";
		};
/* End PBXGroup section */

/* Begin PBXHeadersBuildPhase section */
		8AA4435124CDEB7900348B99 /* Headers */ = {
			isa = PBXHeadersBuildPhase;
			buildActionMask = 2147483647;
			files = (
				8AA4435B24CDEB7900348B99 /* MVVM_Architecture.h in Headers */,
			);
			runOnlyForDeploymentPostprocessing = 0;
		};
/* End PBXHeadersBuildPhase section */

/* Begin PBXNativeTarget section */
		8AA4435524CDEB7900348B99 /* MVVM-Architecture */ = {
			isa = PBXNativeTarget;
			buildConfigurationList = 8AA4435E24CDEB7900348B99 /* Build configuration list for PBXNativeTarget "MVVM-Architecture" */;
			buildPhases = (
				8AA4435124CDEB7900348B99 /* Headers */,
				8AA4435224CDEB7900348B99 /* Sources */,
				8AA4435324CDEB7900348B99 /* Frameworks */,
				8AA4435424CDEB7900348B99 /* Resources */,
			);
			buildRules = (
			);
			dependencies = (
			);
			name = "MVVM-Architecture";
			productName = "MVVM-Architecture";
			productReference = 8AA4435624CDEB7900348B99 /* MVVM_Architecture.framework */;
			productType = "com.apple.product-type.framework";
		};
/* End PBXNativeTarget section */

/* Begin PBXProject section */
		8AA4434D24CDEB7900348B99 /* Project object */ = {
			isa = PBXProject;
			attributes = {
				LastUpgradeCheck = 1160;
				ORGANIZATIONNAME = TanselKahyaoglu;
				TargetAttributes = {
					8AA4435524CDEB7900348B99 = {
						CreatedOnToolsVersion = 11.6;
						LastSwiftMigration = 1160;
					};
				};
			};
			buildConfigurationList = 8AA4435024CDEB7900348B99 /* Build configuration list for PBXProject "MVVM-Architecture" */;
			compatibilityVersion = "Xcode 9.3";
			developmentRegion = en;
			hasScannedForEncodings = 0;
			knownRegions = (
				en,
				Base,
			);
			mainGroup = 8AA4434C24CDEB7900348B99;
			productRefGroup = 8AA4435724CDEB7900348B99 /* Products */;
			projectDirPath = "";
			projectRoot = "";
			targets = (
				8AA4435524CDEB7900348B99 /* MVVM-Architecture */,
			);
		};
/* End PBXProject section */

/* Begin PBXResourcesBuildPhase section */
		8AA4435424CDEB7900348B99 /* Resources */ = {
			isa = PBXResourcesBuildPhase;
			buildActionMask = 2147483647;
			files = (
			);
			runOnlyForDeploymentPostprocessing = 0;
		};
/* End PBXResourcesBuildPhase section */

/* Begin PBXSourcesBuildPhase section */
		8AA4435224CDEB7900348B99 /* Sources */ = {
			isa = PBXSourcesBuildPhase;
			buildActionMask = 2147483647;
			files = (
				8AA4436724CDEC0A00348B99 /* BaseVC.swift in Sources */,
				8AA4436824CDEC0A00348B99 /* BaseViewModel.swift in Sources */,
				8AA4436C24CDEC3B00348B99 /* Handler.swift in Sources */,
				8AA4436924CDEC0A00348B99 /* BaseNavigableVC.swift in Sources */,
				8AA4437024CDEC8300348B99 /* BaseViewData.swift in Sources */,
			);
			runOnlyForDeploymentPostprocessing = 0;
		};
/* End PBXSourcesBuildPhase section */

/* Begin XCBuildConfiguration section */
		8AA4435C24CDEB7900348B99 /* Debug */ = {
			isa = XCBuildConfiguration;
			buildSettings = {
				ALWAYS_SEARCH_USER_PATHS = NO;
				CLANG_ANALYZER_NONNULL = YES;
				CLANG_ANALYZER_NUMBER_OBJECT_CONVERSION = YES_AGGRESSIVE;
				CLANG_CXX_LANGUAGE_STANDARD = "gnu++14";
				CLANG_CXX_LIBRARY = "libc++";
				CLANG_ENABLE_MODULES = YES;
				CLANG_ENABLE_OBJC_ARC = YES;
				CLANG_ENABLE_OBJC_WEAK = YES;
				CLANG_WARN_BLOCK_CAPTURE_AUTORELEASING = YES;
				CLANG_WARN_BOOL_CONVERSION = YES;
				CLANG_WARN_COMMA = YES;
				CLANG_WARN_CONSTANT_CONVERSION = YES;
				CLANG_WARN_DEPRECATED_OBJC_IMPLEMENTATIONS = YES;
				CLANG_WARN_DIRECT_OBJC_ISA_USAGE = YES_ERROR;
				CLANG_WARN_DOCUMENTATION_COMMENTS = YES;
				CLANG_WARN_EMPTY_BODY = YES;
				CLANG_WARN_ENUM_CONVERSION = YES;
				CLANG_WARN_INFINITE_RECURSION = YES;
				CLANG_WARN_INT_CONVERSION = YES;
				CLANG_WARN_NON_LITERAL_NULL_CONVERSION = YES;
				CLANG_WARN_OBJC_IMPLICIT_RETAIN_SELF = YES;
				CLANG_WARN_OBJC_LITERAL_CONVERSION = YES;
				CLANG_WARN_OBJC_ROOT_CLASS = YES_ERROR;
				CLANG_WARN_RANGE_LOOP_ANALYSIS = YES;
				CLANG_WARN_STRICT_PROTOTYPES = YES;
				CLANG_WARN_SUSPICIOUS_MOVE = YES;
				CLANG_WARN_UNGUARDED_AVAILABILITY = YES_AGGRESSIVE;
				CLANG_WARN_UNREACHABLE_CODE = YES;
				CLANG_WARN__DUPLICATE_METHOD_MATCH = YES;
				COPY_PHASE_STRIP = NO;
				CURRENT_PROJECT_VERSION = 1;
				DEBUG_INFORMATION_FORMAT = dwarf;
				ENABLE_STRICT_OBJC_MSGSEND = YES;
				ENABLE_TESTABILITY = YES;
				GCC_C_LANGUAGE_STANDARD = gnu11;
				GCC_DYNAMIC_NO_PIC = NO;
				GCC_NO_COMMON_BLOCKS = YES;
				GCC_OPTIMIZATION_LEVEL = 0;
				GCC_PREPROCESSOR_DEFINITIONS = (
					"DEBUG=1",
					"$(inherited)",
				);
				GCC_WARN_64_TO_32_BIT_CONVERSION = YES;
				GCC_WARN_ABOUT_RETURN_TYPE = YES_ERROR;
				GCC_WARN_UNDECLARED_SELECTOR = YES;
				GCC_WARN_UNINITIALIZED_AUTOS = YES_AGGRESSIVE;
				GCC_WARN_UNUSED_FUNCTION = YES;
				GCC_WARN_UNUSED_VARIABLE = YES;
				IPHONEOS_DEPLOYMENT_TARGET = 13.6;
				MTL_ENABLE_DEBUG_INFO = INCLUDE_SOURCE;
				MTL_FAST_MATH = YES;
				ONLY_ACTIVE_ARCH = YES;
				SDKROOT = iphoneos;
				SWIFT_ACTIVE_COMPILATION_CONDITIONS = DEBUG;
				SWIFT_OPTIMIZATION_LEVEL = "-Onone";
				VERSIONING_SYSTEM = "apple-generic";
				VERSION_INFO_PREFIX = "";
			};
			name = Debug;
		};
		8AA4435D24CDEB7900348B99 /* Release */ = {
			isa = XCBuildConfiguration;
			buildSettings = {
				ALWAYS_SEARCH_USER_PATHS = NO;
				CLANG_ANALYZER_NONNULL = YES;
				CLANG_ANALYZER_NUMBER_OBJECT_CONVERSION = YES_AGGRESSIVE;
				CLANG_CXX_LANGUAGE_STANDARD = "gnu++14";
				CLANG_CXX_LIBRARY = "libc++";
				CLANG_ENABLE_MODULES = YES;
				CLANG_ENABLE_OBJC_ARC = YES;
				CLANG_ENABLE_OBJC_WEAK = YES;
				CLANG_WARN_BLOCK_CAPTURE_AUTORELEASING = YES;
				CLANG_WARN_BOOL_CONVERSION = YES;
				CLANG_WARN_COMMA = YES;
				CLANG_WARN_CONSTANT_CONVERSION = YES;
				CLANG_WARN_DEPRECATED_OBJC_IMPLEMENTATIONS = YES;
				CLANG_WARN_DIRECT_OBJC_ISA_USAGE = YES_ERROR;
				CLANG_WARN_DOCUMENTATION_COMMENTS = YES;
				CLANG_WARN_EMPTY_BODY = YES;
				CLANG_WARN_ENUM_CONVERSION = YES;
				CLANG_WARN_INFINITE_RECURSION = YES;
				CLANG_WARN_INT_CONVERSION = YES;
				CLANG_WARN_NON_LITERAL_NULL_CONVERSION = YES;
				CLANG_WARN_OBJC_IMPLICIT_RETAIN_SELF = YES;
				CLANG_WARN_OBJC_LITERAL_CONVERSION = YES;
				CLANG_WARN_OBJC_ROOT_CLASS = YES_ERROR;
				CLANG_WARN_RANGE_LOOP_ANALYSIS = YES;
				CLANG_WARN_STRICT_PROTOTYPES = YES;
				CLANG_WARN_SUSPICIOUS_MOVE = YES;
				CLANG_WARN_UNGUARDED_AVAILABILITY = YES_AGGRESSIVE;
				CLANG_WARN_UNREACHABLE_CODE = YES;
				CLANG_WARN__DUPLICATE_METHOD_MATCH = YES;
				COPY_PHASE_STRIP = NO;
				CURRENT_PROJECT_VERSION = 1;
				DEBUG_INFORMATION_FORMAT = "dwarf-with-dsym";
				ENABLE_NS_ASSERTIONS = NO;
				ENABLE_STRICT_OBJC_MSGSEND = YES;
				GCC_C_LANGUAGE_STANDARD = gnu11;
				GCC_NO_COMMON_BLOCKS = YES;
				GCC_WARN_64_TO_32_BIT_CONVERSION = YES;
				GCC_WARN_ABOUT_RETURN_TYPE = YES_ERROR;
				GCC_WARN_UNDECLARED_SELECTOR = YES;
				GCC_WARN_UNINITIALIZED_AUTOS = YES_AGGRESSIVE;
				GCC_WARN_UNUSED_FUNCTION = YES;
				GCC_WARN_UNUSED_VARIABLE = YES;
				IPHONEOS_DEPLOYMENT_TARGET = 13.6;
				MTL_ENABLE_DEBUG_INFO = NO;
				MTL_FAST_MATH = YES;
				SDKROOT = iphoneos;
				SWIFT_COMPILATION_MODE = wholemodule;
				SWIFT_OPTIMIZATION_LEVEL = "-O";
				VALIDATE_PRODUCT = YES;
				VERSIONING_SYSTEM = "apple-generic";
				VERSION_INFO_PREFIX = "";
			};
			name = Release;
		};
		8AA4435F24CDEB7900348B99 /* Debug */ = {
			isa = XCBuildConfiguration;
			buildSettings = {
				CLANG_ENABLE_MODULES = YES;
				CODE_SIGN_STYLE = Automatic;
				DEFINES_MODULE = YES;
				DYLIB_COMPATIBILITY_VERSION = 1;
				DYLIB_CURRENT_VERSION = 1;
				DYLIB_INSTALL_NAME_BASE = "@rpath";
				INFOPLIST_FILE = "MVVM-Architecture/Info.plist";
				INSTALL_PATH = "$(LOCAL_LIBRARY_DIR)/Frameworks";
				LD_RUNPATH_SEARCH_PATHS = (
					"$(inherited)",
					"@executable_path/Frameworks",
					"@loader_path/Frameworks",
				);
				PRODUCT_BUNDLE_IDENTIFIER = "com.tanselkahyaoglu.MVVM-Architecture";
				PRODUCT_NAME = "$(TARGET_NAME:c99extidentifier)";
				SKIP_INSTALL = YES;
				SUPPORTS_MACCATALYST = NO;
				SWIFT_OPTIMIZATION_LEVEL = "-Onone";
				SWIFT_VERSION = 5.0;
				TARGETED_DEVICE_FAMILY = 1;
			};
			name = Debug;
		};
		8AA4436024CDEB7900348B99 /* Release */ = {
			isa = XCBuildConfiguration;
			buildSettings = {
				CLANG_ENABLE_MODULES = YES;
				CODE_SIGN_STYLE = Automatic;
				DEFINES_MODULE = YES;
				DYLIB_COMPATIBILITY_VERSION = 1;
				DYLIB_CURRENT_VERSION = 1;
				DYLIB_INSTALL_NAME_BASE = "@rpath";
				INFOPLIST_FILE = "MVVM-Architecture/Info.plist";
				INSTALL_PATH = "$(LOCAL_LIBRARY_DIR)/Frameworks";
				LD_RUNPATH_SEARCH_PATHS = (
					"$(inherited)",
					"@executable_path/Frameworks",
					"@loader_path/Frameworks",
				);
				PRODUCT_BUNDLE_IDENTIFIER = "com.tanselkahyaoglu.MVVM-Architecture";
				PRODUCT_NAME = "$(TARGET_NAME:c99extidentifier)";
				SKIP_INSTALL = YES;
				SUPPORTS_MACCATALYST = NO;
				SWIFT_VERSION = 5.0;
				TARGETED_DEVICE_FAMILY = 1;
			};
			name = Release;
		};
/* End XCBuildConfiguration section */

/* Begin XCConfigurationList section */
		8AA4435024CDEB7900348B99 /* Build configuration list for PBXProject "MVVM-Architecture" */ = {
			isa = XCConfigurationList;
			buildConfigurations = (
				8AA4435C24CDEB7900348B99 /* Debug */,
				8AA4435D24CDEB7900348B99 /* Release */,
			);
			defaultConfigurationIsVisible = 0;
			defaultConfigurationName = Release;
		};
		8AA4435E24CDEB7900348B99 /* Build configuration list for PBXNativeTarget "MVVM-Architecture" */ = {
			isa = XCConfigurationList;
			buildConfigurations = (
				8AA4435F24CDEB7900348B99 /* Debug */,
				8AA4436024CDEB7900348B99 /* Release */,
			);
			defaultConfigurationIsVisible = 0;
			defaultConfigurationName = Release;
		};
/* End XCConfigurationList section */
	};
	rootObject = 8AA4434D24CDEB7900348B99 /* Project object */;
}
